Microsoft Visual Studio Solution File, Format Version 11.00
# Visual Studio 2008

Project("{B24A79EF-1DA6-1B12-DBC8-F8C35CE381C3}") = "Leap_Unity", "Assembly-CSharp-firstpass.csproj", "{65020C8C-D3BD-9622-927E-6451AC75891B}"
EndProject
Project("{B24A79EF-1DA6-1B12-DBC8-F8C35CE381C3}") = "Leap_Unity", "Assembly-UnityScript-firstpass.unityproj", "{B6CC517F-FCA6-999A-B8B9-69CED7E7FC06}"
EndProject
Project("{B24A79EF-1DA6-1B12-DBC8-F8C35CE381C3}") = "Leap_Unity", "Assembly-UnityScript.unityproj", "{2112D8A4-08D6-B9EC-91DB-088F513B74C3}"
EndProject
Global
	GlobalSection(SolutionConfigurationPlatforms) = preSolution
		Debug|Any CPU = Debug|Any CPU
		Release|Any CPU = Release|Any CPU
	EndGlobalSection
	GlobalSection(ProjectConfigurationPlatforms) = postSolution
		{65020C8C-D3BD-9622-927E-6451AC75891B}.Debug|Any CPU.ActiveCfg = Debug|Any CPU
		{65020C8C-D3BD-9622-927E-6451AC75891B}.Debug|Any CPU.Build.0 = Debug|Any CPU
		{65020C8C-D3BD-9622-927E-6451AC75891B}.Release|Any CPU.ActiveCfg = Release|Any CPU
		{65020C8C-D3BD-9622-927E-6451AC75891B}.Release|Any CPU.Build.0 = Release|Any CPU
		{B6CC517F-FCA6-999A-B8B9-69CED7E7FC06}.Debug|Any CPU.ActiveCfg = Debug|Any CPU
		{B6CC517F-FCA6-999A-B8B9-69CED7E7FC06}.Debug|Any CPU.Build.0 = Debug|Any CPU
		{B6CC517F-FCA6-999A-B8B9-69CED7E7FC06}.Release|Any CPU.ActiveCfg = Release|Any CPU
		{B6CC517F-FCA6-999A-B8B9-69CED7E7FC06}.Release|Any CPU.Build.0 = Release|Any CPU
		{2112D8A4-08D6-B9EC-91DB-088F513B74C3}.Debug|Any CPU.ActiveCfg = Debug|Any CPU
		{2112D8A4-08D6-B9EC-91DB-088F513B74C3}.Debug|Any CPU.Build.0 = Debug|Any CPU
		{2112D8A4-08D6-B9EC-91DB-088F513B74C3}.Release|Any CPU.ActiveCfg = Release|Any CPU
		{2112D8A4-08D6-B9EC-91DB-088F513B74C3}.Release|Any CPU.Build.0 = Release|Any CPU
	EndGlobalSection
	GlobalSection(SolutionProperties) = preSolution
		HideSolutionNode = FALSE
	EndGlobalSection
																										GlobalSection(MonoDevelopProperties) = preSolution
		StartupItem = Assembly-CSharp.csproj
		Policies = $0
		$0.TextStylePolicy = $1
		$1.inheritsSet = null
		$1.scope = text/x-csharp
		$0.CSharpFormattingPolicy = $2
		$2.inheritsSet = Mono
		$2.inheritsScope = text/x-csharp
		$2.scope = text/x-csharp
		$0.TextStylePolicy = $3
		$3.FileWidth = 120
		$3.TabWidth = 4
		$3.EolMarker = Unix
		$3.inheritsSet = Mono
		$3.inheritsScope = text/plain
		$3.scope = text/plain
	EndGlobalSection

EndGlobal
